
Microsoft Visual Studio Solution File, Format Version 12.00
# Visual Studio 15
VisualStudioVersion = 15.0.28307.645
MinimumVisualStudioVersion = 10.0.40219.1
Project("{FAE04EC0-301F-11D3-BF4B-00C04F79EFBC}") = "WinRing0_Test", "WinRing0_Test\WinRing0_Test.csproj", "{ABC4F95D-5EA0-4BA7-A2EC-9547EE2950DF}"
EndProject
Global
	GlobalSection(SolutionConfigurationPlatforms) = preSolution
		Debug|Any CPU = Debug|Any CPU
		Release|Any CPU = Release|Any CPU
	EndGlobalSection
	GlobalSection(ProjectConfigurationPlatforms) = postSolution
		{ABC4F95D-5EA0-4BA7-A2EC-9547EE2950DF}.Debug|Any CPU.ActiveCfg = Debug|Any CPU
		{ABC4F95D-5EA0-4BA7-A2EC-9547EE2950DF}.Debug|Any CPU.Build.0 = Debug|Any CPU
		{ABC4F95D-5EA0-4BA7-A2EC-9547EE2950DF}.Release|Any CPU.ActiveCfg = Release|Any CPU
		{ABC4F95D-5EA0-4BA7-A2EC-9547EE2950DF}.Release|Any CPU.Build.0 = Release|Any CPU
	EndGlobalSection
	GlobalSection(SolutionProperties) = preSolution
		HideSolutionNode = FALSE
	EndGlobalSection
	GlobalSection(ExtensibilityGlobals) = postSolution
		SolutionGuid = {0B7F4E77-D07F-4B8B-9DB0-7EC955A01DDA}
	EndGlobalSection
EndGlobal
